<?xml version="1.0" encoding="utf-8"?>
<Project ToolsVersion="4.0" xmlns="http://schemas.microsoft.com/developer/msbuild/2003">
  <ItemGroup>
    <Filter Include="源文件">
      <UniqueIdentifier>{4FC737F1-C7A5-4376-A066-2A32D752A2FF}</UniqueIdentifier>
      <Extensions>cpp;c;cc;cxx;c++;cppm;ixx;def;odl;idl;hpj;bat;asm;asmx</Extensions>
    </Filter>
    <Filter Include="头文件">
      <UniqueIdentifier>{93995380-89BD-4b04-88EB-625FBE52EBFB}</UniqueIdentifier>
      <Extensions>h;hh;hpp;hxx;h++;hm;inl;inc;ipp;xsd</Extensions>
    </Filter>
    <Filter Include="资源文件">
      <UniqueIdentifier>{67DA6AB6-F800-4c08-8B7A-83BB121AAD01}</UniqueIdentifier>
      <Extensions>rc;ico;cur;bmp;dlg;rc2;rct;bin;rgs;gif;jpg;jpeg;jpe;resx;tiff;tif;png;wav;mfcribbon-ms</Extensions>
    </Filter>
    <Filter Include="源文件\章节内容">
      <UniqueIdentifier>{57548830-fa1b-4e87-b8b1-111ee74e3aea}</UniqueIdentifier>
    </Filter>
    <Filter Include="源文件\章节内容\第三章">
      <UniqueIdentifier>{7f8e972e-427c-48bc-bc36-66f9c45b1adb}</UniqueIdentifier>
    </Filter>
    <Filter Include="源文件\章节内容\第三章\作业">
      <UniqueIdentifier>{4306ca97-d460-4c08-81a9-386b50eb47a7}</UniqueIdentifier>
    </Filter>
    <Filter Include="源文件\章节内容\第二章">
      <UniqueIdentifier>{fc97c5aa-ae60-4fde-97b1-eabe34544a97}</UniqueIdentifier>
    </Filter>
    <Filter Include="源文件\章节内容\第二章\作业">
      <UniqueIdentifier>{46f76390-0389-48dc-9f9a-eb24f1dd0b3c}</UniqueIdentifier>
    </Filter>
    <Filter Include="源文件\章节内容\第四章">
      <UniqueIdentifier>{12f63fcc-4f69-41a4-a26b-fd8a39808650}</UniqueIdentifier>
    </Filter>
    <Filter Include="源文件\章节内容\第四章\作业">
      <UniqueIdentifier>{1a8ab4eb-d1b0-46e7-b7a4-5cc529791a45}</UniqueIdentifier>
    </Filter>
    <Filter Include="源文件\章节内容\第五章">
      <UniqueIdentifier>{fc670e11-3920-4c6d-806c-c13aaf269cd7}</UniqueIdentifier>
    </Filter>
    <Filter Include="源文件\章节内容\第五章\作业">
      <UniqueIdentifier>{66b0652f-b14f-45f9-b3f4-98bc637ab39f}</UniqueIdentifier>
    </Filter>
    <Filter Include="源文件\章节内容\第六章">
      <UniqueIdentifier>{f7479747-b4f3-407b-9aa3-84a90e1b07f3}</UniqueIdentifier>
    </Filter>
    <Filter Include="源文件\章节内容\第六章\作业">
      <UniqueIdentifier>{20e0d9e9-e754-47ec-a9cd-bb463d137990}</UniqueIdentifier>
    </Filter>
    <Filter Include="源文件\章节内容\第七章">
      <UniqueIdentifier>{8c5fbc61-042b-4fe1-8999-f18728bc7b27}</UniqueIdentifier>
    </Filter>
    <Filter Include="源文件\章节内容\第七章\作业">
      <UniqueIdentifier>{9b2390c5-a4e8-420a-a568-c427eb5ea118}</UniqueIdentifier>
    </Filter>
    <Filter Include="源文件\章节内容\第八章">
      <UniqueIdentifier>{78406af3-0eb5-4002-99a0-b4a7ed8696c5}</UniqueIdentifier>
    </Filter>
    <Filter Include="源文件\章节内容\第八章\作业">
      <UniqueIdentifier>{e03fcae6-a129-40de-afa4-d77a1aee5053}</UniqueIdentifier>
    </Filter>
  </ItemGroup>
  <ItemGroup>
    <ClInclude Include="resource.h">
      <Filter>头文件</Filter>
    </ClInclude>
  </ItemGroup>
  <ItemGroup>
    <ResourceCompile Include="Study C++.rc">
      <Filter>资源文件</Filter>
    </ResourceCompile>
  </ItemGroup>
  <ItemGroup>
    <ClCompile Include="1.cpp">
      <Filter>源文件\章节内容\第二章\作业</Filter>
    </ClCompile>
    <ClCompile Include="2.cpp">
      <Filter>源文件\章节内容\第二章\作业</Filter>
    </ClCompile>
    <ClCompile Include="3.cpp">
      <Filter>源文件\章节内容\第二章\作业</Filter>
    </ClCompile>
    <ClCompile Include="4.cpp">
      <Filter>源文件\章节内容\第二章\作业</Filter>
    </ClCompile>
    <ClCompile Include="5.cpp">
      <Filter>源文件\章节内容\第二章\作业</Filter>
    </ClCompile>
    <ClCompile Include="6.cpp">
      <Filter>源文件\章节内容\第二章\作业</Filter>
    </ClCompile>
    <ClCompile Include="main.cpp">
      <Filter>源文件</Filter>
    </ClCompile>
    <ClCompile Include="TypeMain.cpp">
      <Filter>源文件\章节内容\第三章</Filter>
    </ClCompile>
    <ClCompile Include="3_1.cpp">
      <Filter>源文件\章节内容\第三章\作业</Filter>
    </ClCompile>
    <ClCompile Include="3_2.cpp">
      <Filter>源文件\章节内容\第三章\作业</Filter>
    </ClCompile>
    <ClCompile Include="3_3.cpp">
      <Filter>源文件\章节内容\第三章\作业</Filter>
    </ClCompile>
    <ClCompile Include="StoreMain.cpp">
      <Filter>源文件\章节内容\第四章</Filter>
    </ClCompile>
    <ClCompile Include="4_1.cpp">
      <Filter>源文件\章节内容\第四章\作业</Filter>
    </ClCompile>
    <ClCompile Include="4_2.cpp">
      <Filter>源文件\章节内容\第四章\作业</Filter>
    </ClCompile>
    <ClCompile Include="4_3.cpp">
      <Filter>源文件\章节内容\第四章\作业</Filter>
    </ClCompile>
    <ClCompile Include="4_4.cpp">
      <Filter>源文件\章节内容\第四章\作业</Filter>
    </ClCompile>
    <ClCompile Include="4_5.cpp">
      <Filter>源文件\章节内容\第四章\作业</Filter>
    </ClCompile>
    <ClCompile Include="4_6.cpp">
      <Filter>源文件\章节内容\第四章\作业</Filter>
    </ClCompile>
    <ClCompile Include="4_7.cpp">
      <Filter>源文件\章节内容\第四章\作业</Filter>
    </ClCompile>
    <ClCompile Include="ForMain.cpp">
      <Filter>源文件\章节内容\第五章</Filter>
    </ClCompile>
    <ClCompile Include="5_1.cpp">
      <Filter>源文件\章节内容\第五章\作业</Filter>
    </ClCompile>
    <ClCompile Include="5_2.cpp">
      <Filter>源文件\章节内容\第五章\作业</Filter>
    </ClCompile>
    <ClCompile Include="5_3.cpp">
      <Filter>源文件\章节内容\第五章\作业</Filter>
    </ClCompile>
    <ClCompile Include="5_4.cpp">
      <Filter>源文件\章节内容\第五章\作业</Filter>
    </ClCompile>
    <ClCompile Include="5_6.cpp">
      <Filter>源文件\章节内容\第五章\作业</Filter>
    </ClCompile>
    <ClCompile Include="5_7.cpp">
      <Filter>源文件\章节内容\第五章\作业</Filter>
    </ClCompile>
    <ClCompile Include="5_8.cpp">
      <Filter>源文件\章节内容\第五章\作业</Filter>
    </ClCompile>
    <ClCompile Include="5_9.cpp">
      <Filter>源文件\章节内容\第五章\作业</Filter>
    </ClCompile>
    <ClCompile Include="IFMain.cpp">
      <Filter>源文件\章节内容\第六章</Filter>
    </ClCompile>
    <ClCompile Include="6_1.cpp">
      <Filter>源文件\章节内容\第六章\作业</Filter>
    </ClCompile>
    <ClCompile Include="6_2.cpp">
      <Filter>源文件\章节内容\第六章\作业</Filter>
    </ClCompile>
    <ClCompile Include="6_3.cpp">
      <Filter>源文件\章节内容\第六章\作业</Filter>
    </ClCompile>
    <ClCompile Include="6_4.cpp">
      <Filter>源文件\章节内容\第六章\作业</Filter>
    </ClCompile>
    <ClCompile Include="6_5.cpp">
      <Filter>源文件\章节内容\第六章\作业</Filter>
    </ClCompile>
    <ClCompile Include="6_6.cpp">
      <Filter>源文件\章节内容\第六章\作业</Filter>
    </ClCompile>
    <ClCompile Include="FuctionMain.cpp">
      <Filter>源文件\章节内容\第七章</Filter>
    </ClCompile>
    <ClCompile Include="7_1.cpp">
      <Filter>源文件\章节内容\第七章\作业</Filter>
    </ClCompile>
    <ClCompile Include="7_2.cpp">
      <Filter>源文件\章节内容\第七章\作业</Filter>
    </ClCompile>
    <ClCompile Include="7_3.cpp">
      <Filter>源文件\章节内容\第七章\作业</Filter>
    </ClCompile>
    <ClCompile Include="7_9.cpp">
      <Filter>源文件\章节内容\第七章\作业</Filter>
    </ClCompile>
    <ClCompile Include="FunctionInlineMain.cpp">
      <Filter>源文件\章节内容\第八章</Filter>
    </ClCompile>
    <ClCompile Include="8_1.cpp">
      <Filter>源文件\章节内容\第八章\作业</Filter>
    </ClCompile>
    <ClCompile Include="8_2.cpp">
      <Filter>源文件\章节内容\第八章\作业</Filter>
    </ClCompile>
    <ClCompile Include="8_3.cpp">
      <Filter>源文件\章节内容\第八章\作业</Filter>
    </ClCompile>
  </ItemGroup>
  <ItemGroup>
    <Text Include="test.txt" />
  </ItemGroup>
</Project>