{
    "_readme": [
        "This file locks the dependencies of your project to a known state",
        "Read more about it at https://getcomposer.org/doc/01-basic-usage.md#installing-dependencies",
        "This file is @generated automatically"
    ],
    "content-hash": "53d83dbcb218a39f6cca17933e3dcd63",
    "packages": [
        {
            "name": "cycle/annotated",
            "version": "v3.2.0",
            "source": {
                "type": "git",
                "url": "https://github.com/cycle/annotated.git",
                "reference": "78c8f0e40de09300c52ccf0394222420d2f59c11"
            },
            "dist": {
                "type": "zip",
                "url": "https://api.github.com/repos/cycle/annotated/zipball/78c8f0e40de09300c52ccf0394222420d2f59c11",
                "reference": "78c8f0e40de09300c52ccf0394222420d2f59c11",
                "shasum": "",
                "mirrors": [
                    {
                        "url": "https://mirrors.aliyun.com/composer/dists/%package%/%reference%.%type%",
                        "preferred": true
                    }
                ]
            },
            "require": {
                "cycle/orm": "^2.2.0",
                "cycle/schema-builder": "^2.1.0",
                "doctrine/annotations": "^1.13",
                "doctrine/inflector": "^2.0",
                "php": ">=8.0",
                "spiral/attributes": "^2.8|^3.0",
                "spiral/tokenizer": "^2.8|^3.0"
            },
            "require-dev": {
                "phpunit/phpunit": "^9.5",
                "vimeo/psalm": "^4.18"
            },
            "type": "library",
            "autoload": {
                "psr-4": {
                    "Cycle\\Annotated\\": "src/"
                }
            },
            "notification-url": "https://packagist.org/downloads/",
            "license": [
                "MIT"
            ],
            "description": "Cycle ORM Annotated Entities generator",
            "support": {
                "issues": "https://github.com/cycle/annotated/issues",
                "source": "https://github.com/cycle/annotated/tree/v3.2.0"
            },
            "time": "2022-07-05T19:31:01+00:00"
        },
        {
            "name": "cycle/database",
            "version": "2.2.2",
            "source": {
                "type": "git",
                "url": "https://github.com/cycle/database.git",
                "reference": "07f914a6f84a29cbc7f36f0c4e7b2acf7a4815b8"
            },
            "dist": {
                "type": "zip",
                "url": "https://api.github.com/repos/cycle/database/zipball/07f914a6f84a29cbc7f36f0c4e7b2acf7a4815b8",
                "reference": "07f914a6f84a29cbc7f36f0c4e7b2acf7a4815b8",
                "shasum": "",
                "mirrors": [
                    {
                        "url": "https://mirrors.aliyun.com/composer/dists/%package%/%reference%.%type%",
                        "preferred": true
                    }
                ]
            },
            "require": {
                "ext-pdo": "*",
                "php": ">=8.0",
                "psr/log": "1 - 3",
                "spiral/core": "^2.8 || ^3.0",
                "spiral/pagination": "^2.8 || ^3.0"
            },
            "conflict": {
                "spiral/database": "*"
            },
            "require-dev": {
                "infection/infection": "^0.26.10",
                "mockery/mockery": "^1.5",
                "phpunit/phpunit": "^9.5",
                "spiral/tokenizer": "^2.13",
                "vimeo/psalm": "^4.23"
            },
            "type": "library",
            "autoload": {
                "files": [
                    "src/polyfill.php",
                    "src/functions_polyfill.php"
                ],
                "psr-4": {
                    "Cycle\\Database\\": "src"
                }
            },
            "notification-url": "https://packagist.org/downloads/",
            "license": [
                "MIT"
            ],
            "description": "DBAL, schema introspection, migration and pagination",
            "support": {
                "issues": "https://github.com/cycle/database/issues",
                "source": "https://github.com/cycle/database/tree/2.2.2"
            },
            "time": "2022-09-27T15:38:41+00:00"
        },
        {
            "name": "cycle/orm",
            "version": "v2.2.1",
            "source": {
                "type": "git",
                "url": "https://github.com/cycle/orm.git",
                "reference": "82efcb8f1cd7d01cfa49bdeb1f044bb975e47217"
            },
            "dist": {
                "type": "zip",
                "url": "https://api.github.com/repos/cycle/orm/zipball/82efcb8f1cd7d01cfa49bdeb1f044bb975e47217",
                "reference": "82efcb8f1cd7d01cfa49bdeb1f044bb975e47217",
                "shasum": "",
                "mirrors": [
                    {
                        "url": "https://mirrors.aliyun.com/composer/dists/%package%/%reference%.%type%",
                        "preferred": true
                    }
                ]
            },
            "require": {
                "cycle/database": "^2.2.1",
                "doctrine/instantiator": "^1.3.1",
                "ext-pdo": "*",
                "php": ">=8.0"
            },
            "require-dev": {
                "doctrine/collections": "^1.6 || ^2.0",
                "illuminate/collections": "^8.0",
                "loophp/collection": "^6.0",
                "mockery/mockery": "^1.1",
                "phpunit/phpunit": "^9.5",
                "ramsey/uuid": "^4.0",
                "spiral/tokenizer": "^2.8",
                "vimeo/psalm": "^4.9"
            },
            "type": "library",
            "autoload": {
                "psr-4": {
                    "Cycle\\ORM\\": "src/"
                }
            },
            "notification-url": "https://packagist.org/downloads/",
            "license": [
                "MIT"
            ],
            "description": "PHP DataMapper ORM and Data Modelling Engine",
            "support": {
                "issues": "https://github.com/cycle/orm/issues",
                "source": "https://github.com/cycle/orm/tree/v2.2.1"
            },
            "time": "2022-12-01T20:07:13+00:00"
        },
        {
            "name": "cycle/schema-builder",
            "version": "v2.1.0",
            "source": {
                "type": "git",
                "url": "https://github.com/cycle/schema-builder.git",
                "reference": "4838734b8082bc80abca1221225feda5e72366a3"
            },
            "dist": {
                "type": "zip",
                "url": "https://api.github.com/repos/cycle/schema-builder/zipball/4838734b8082bc80abca1221225feda5e72366a3",
                "reference": "4838734b8082bc80abca1221225feda5e72366a3",
                "shasum": "",
                "mirrors": [
                    {
                        "url": "https://mirrors.aliyun.com/composer/dists/%package%/%reference%.%type%",
                        "preferred": true
                    }
                ]
            },
            "require": {
                "cycle/orm": "^2.0",
                "php": ">=8.0",
                "yiisoft/friendly-exception": "^1.1"
            },
            "require-dev": {
                "phpunit/phpunit": "^9.5",
                "spiral/tokenizer": "^2.8",
                "vimeo/psalm": "^4.12"
            },
            "type": "library",
            "autoload": {
                "psr-4": {
                    "Cycle\\Schema\\": "src/"
                }
            },
            "notification-url": "https://packagist.org/downloads/",
            "license": [
                "MIT"
            ],
            "description": "Cycle ORM Schema Builder",
            "support": {
                "issues": "https://github.com/cycle/schema-builder/issues",
                "source": "https://github.com/cycle/schema-builder/tree/v2.1.0"
            },
            "time": "2022-01-11T11:38:48+00:00"
        },
        {
            "name": "doctrine/annotations",
            "version": "1.13.3",
            "source": {
                "type": "git",
                "url": "https://github.com/doctrine/annotations.git",
                "reference": "648b0343343565c4a056bfc8392201385e8d89f0"
            },
            "dist": {
                "type": "zip",
                "url": "https://api.github.com/repos/doctrine/annotations/zipball/648b0343343565c4a056bfc8392201385e8d89f0",
                "reference": "648b0343343565c4a056bfc8392201385e8d89f0",
                "shasum": "",
                "mirrors": [
                    {
                        "url": "https://mirrors.aliyun.com/composer/dists/%package%/%reference%.%type%",
                        "preferred": true
                    }
                ]
            },
            "require": {
                "doctrine/lexer": "1.*",
                "ext-tokenizer": "*",
                "php": "^7.1 || ^8.0",
                "psr/cache": "^1 || ^2 || ^3"
            },
            "require-dev": {
                "doctrine/cache": "^1.11 || ^2.0",
                "doctrine/coding-standard": "^6.0 || ^8.1",
                "phpstan/phpstan": "^1.4.10 || ^1.8.0",
                "phpunit/phpunit": "^7.5 || ^8.0 || ^9.1.5",
                "symfony/cache": "^4.4 || ^5.2",
                "vimeo/psalm": "^4.10"
            },
            "type": "library",
            "autoload": {
                "psr-4": {
                    "Doctrine\\Common\\Annotations\\": "lib/Doctrine/Common/Annotations"
                }
            },
            "notification-url": "https://packagist.org/downloads/",
            "license": [
                "MIT"
            ],
            "authors": [
                {
                    "name": "Guilherme Blanco",
                    "email": "guilhermeblanco@gmail.com"
                },
                {
                    "name": "Roman Borschel",
                    "email": "roman@code-factory.org"
                },
                {
                    "name": "Benjamin Eberlei",
                    "email": "kontakt@beberlei.de"
                },
                {
                    "name": "Jonathan Wage",
                    "email": "jonwage@gmail.com"
                },
                {
                    "name": "Johannes Schmitt",
                    "email": "schmittjoh@gmail.com"
                }
            ],
            "description": "Docblock Annotations Parser",
            "homepage": "https://www.doctrine-project.org/projects/annotations.html",
            "keywords": [
                "annotations",
                "docblock",
                "parser"
            ],
            "support": {
                "issues": "https://github.com/doctrine/annotations/issues",
                "source": "https://github.com/doctrine/annotations/tree/1.13.3"
            },
            "time": "2022-07-02T10:48:51+00:00"
        },
        {
            "name": "doctrine/inflector",
            "version": "2.0.4",
            "source": {
                "type": "git",
                "url": "https://github.com/doctrine/inflector.git",
                "reference": "8b7ff3e4b7de6b2c84da85637b59fd2880ecaa89"
            },
            "dist": {
                "type": "zip",
                "url": "https://api.github.com/repos/doctrine/inflector/zipball/8b7ff3e4b7de6b2c84da85637b59fd2880ecaa89",
                "reference": "8b7ff3e4b7de6b2c84da85637b59fd2880ecaa89",
                "shasum": "",
                "mirrors": [
                    {
                        "url": "https://mirrors.aliyun.com/composer/dists/%package%/%reference%.%type%",
                        "preferred": true
                    }
                ]
            },
            "require": {
                "php": "^7.2 || ^8.0"
            },
            "require-dev": {
                "doctrine/coding-standard": "^8.2",
                "phpstan/phpstan": "^0.12",
                "phpstan/phpstan-phpunit": "^0.12",
                "phpstan/phpstan-strict-rules": "^0.12",
                "phpunit/phpunit": "^7.0 || ^8.0 || ^9.0",
                "vimeo/psalm": "^4.10"
            },
            "type": "library",
            "autoload": {
                "psr-4": {
                    "Doctrine\\Inflector\\": "lib/Doctrine/Inflector"
                }
            },
            "notification-url": "https://packagist.org/downloads/",
            "license": [
                "MIT"
            ],
            "authors": [
                {
                    "name": "Guilherme Blanco",
                    "email": "guilhermeblanco@gmail.com"
                },
                {
                    "name": "Roman Borschel",
                    "email": "roman@code-factory.org"
                },
                {
                    "name": "Benjamin Eberlei",
                    "email": "kontakt@beberlei.de"
                },
                {
                    "name": "Jonathan Wage",
                    "email": "jonwage@gmail.com"
                },
                {
                    "name": "Johannes Schmitt",
                    "email": "schmittjoh@gmail.com"
                }
            ],
            "description": "PHP Doctrine Inflector is a small library that can perform string manipulations with regard to upper/lowercase and singular/plural forms of words.",
            "homepage": "https://www.doctrine-project.org/projects/inflector.html",
            "keywords": [
                "inflection",
                "inflector",
                "lowercase",
                "manipulation",
                "php",
                "plural",
                "singular",
                "strings",
                "uppercase",
                "words"
            ],
            "support": {
                "issues": "https://github.com/doctrine/inflector/issues",
                "source": "https://github.com/doctrine/inflector/tree/2.0.4"
            },
            "funding": [
                {
                    "url": "https://www.doctrine-project.org/sponsorship.html",
                    "type": "custom"
                },
                {
                    "url": "https://www.patreon.com/phpdoctrine",
                    "type": "patreon"
                },
                {
                    "url": "https://tidelift.com/funding/github/packagist/doctrine%2Finflector",
                    "type": "tidelift"
                }
            ],
            "time": "2021-10-22T20:16:43+00:00"
        },
        {
            "name": "doctrine/instantiator",
            "version": "1.4.1",
            "source": {
                "type": "git",
                "url": "https://github.com/doctrine/instantiator.git",
                "reference": "10dcfce151b967d20fde1b34ae6640712c3891bc"
            },
            "dist": {
                "type": "zip",
                "url": "https://api.github.com/repos/doctrine/instantiator/zipball/10dcfce151b967d20fde1b34ae6640712c3891bc",
                "reference": "10dcfce151b967d20fde1b34ae6640712c3891bc",
                "shasum": "",
                "mirrors": [
                    {
                        "url": "https://mirrors.aliyun.com/composer/dists/%package%/%reference%.%type%",
                        "preferred": true
                    }
                ]
            },
            "require": {
                "php": "^7.1 || ^8.0"
            },
            "require-dev": {
                "doctrine/coding-standard": "^9",
                "ext-pdo": "*",
                "ext-phar": "*",
                "phpbench/phpbench": "^0.16 || ^1",
                "phpstan/phpstan": "^1.4",
                "phpstan/phpstan-phpunit": "^1",
                "phpunit/phpunit": "^7.5 || ^8.5 || ^9.5",
                "vimeo/psalm": "^4.22"
            },
            "type": "library",
            "autoload": {
                "psr-4": {
                    "Doctrine\\Instantiator\\": "src/Doctrine/Instantiator/"
                }
            },
            "notification-url": "https://packagist.org/downloads/",
            "license": [
                "MIT"
            ],
            "authors": [
                {
                    "name": "Marco Pivetta",
                    "email": "ocramius@gmail.com",
                    "homepage": "https://ocramius.github.io/"
                }
            ],
            "description": "A small, lightweight utility to instantiate objects in PHP without invoking their constructors",
            "homepage": "https://www.doctrine-project.org/projects/instantiator.html",
            "keywords": [
                "constructor",
                "instantiate"
            ],
            "support": {
                "issues": "https://github.com/doctrine/instantiator/issues",
                "source": "https://github.com/doctrine/instantiator/tree/1.4.1"
            },
            "funding": [
                {
                    "url": "https://www.doctrine-project.org/sponsorship.html",
                    "type": "custom"
                },
                {
                    "url": "https://www.patreon.com/phpdoctrine",
                    "type": "patreon"
                },
                {
                    "url": "https://tidelift.com/funding/github/packagist/doctrine%2Finstantiator",
                    "type": "tidelift"
                }
            ],
            "time": "2022-03-03T08:28:38+00:00"
        },
        {
            "name": "doctrine/lexer",
            "version": "1.2.3",
            "source": {
                "type": "git",
                "url": "https://github.com/doctrine/lexer.git",
                "reference": "c268e882d4dbdd85e36e4ad69e02dc284f89d229"
            },
            "dist": {
                "type": "zip",
                "url": "https://api.github.com/repos/doctrine/lexer/zipball/c268e882d4dbdd85e36e4ad69e02dc284f89d229",
                "reference": "c268e882d4dbdd85e36e4ad69e02dc284f89d229",
                "shasum": "",
                "mirrors": [
                    {
                        "url": "https://mirrors.aliyun.com/composer/dists/%package%/%reference%.%type%",
                        "preferred": true
                    }
                ]
            },
            "require": {
                "php": "^7.1 || ^8.0"
            },
            "require-dev": {
                "doctrine/coding-standard": "^9.0",
                "phpstan/phpstan": "^1.3",
                "phpunit/phpunit": "^7.5 || ^8.5 || ^9.5",
                "vimeo/psalm": "^4.11"
            },
            "type": "library",
            "autoload": {
                "psr-4": {
                    "Doctrine\\Common\\Lexer\\": "lib/Doctrine/Common/Lexer"
                }
            },
            "notification-url": "https://packagist.org/downloads/",
            "license": [
                "MIT"
            ],
            "authors": [
                {
                    "name": "Guilherme Blanco",
                    "email": "guilhermeblanco@gmail.com"
                },
                {
                    "name": "Roman Borschel",
                    "email": "roman@code-factory.org"
                },
                {
                    "name": "Johannes Schmitt",
                    "email": "schmittjoh@gmail.com"
                }
            ],
            "description": "PHP Doctrine Lexer parser library that can be used in Top-Down, Recursive Descent Parsers.",
            "homepage": "https://www.doctrine-project.org/projects/lexer.html",
            "keywords": [
                "annotations",
                "docblock",
                "lexer",
                "parser",
                "php"
            ],
            "support": {
                "issues": "https://github.com/doctrine/lexer/issues",
                "source": "https://github.com/doctrine/lexer/tree/1.2.3"
            },
            "funding": [
                {
                    "url": "https://www.doctrine-project.org/sponsorship.html",
                    "type": "custom"
                },
                {
                    "url": "https://www.patreon.com/phpdoctrine",
                    "type": "patreon"
                },
                {
                    "url": "https://tidelift.com/funding/github/packagist/doctrine%2Flexer",
                    "type": "tidelift"
                }
            ],
            "time": "2022-02-28T11:07:21+00:00"
        },
        {
            "name": "nikic/php-parser",
            "version": "v4.15.1",
            "source": {
                "type": "git",
                "url": "https://github.com/nikic/PHP-Parser.git",
                "reference": "0ef6c55a3f47f89d7a374e6f835197a0b5fcf900"
            },
            "dist": {
                "type": "zip",
                "url": "https://api.github.com/repos/nikic/PHP-Parser/zipball/0ef6c55a3f47f89d7a374e6f835197a0b5fcf900",
                "reference": "0ef6c55a3f47f89d7a374e6f835197a0b5fcf900",
                "shasum": "",
                "mirrors": [
                    {
                        "url": "https://mirrors.aliyun.com/composer/dists/%package%/%reference%.%type%",
                        "preferred": true
                    }
                ]
            },
            "require": {
                "ext-tokenizer": "*",
                "php": ">=7.0"
            },
            "require-dev": {
                "ircmaxell/php-yacc": "^0.0.7",
                "phpunit/phpunit": "^6.5 || ^7.0 || ^8.0 || ^9.0"
            },
            "bin": [
                "bin/php-parse"
            ],
            "type": "library",
            "extra": {
                "branch-alias": {
                    "dev-master": "4.9-dev"
                }
            },
            "autoload": {
                "psr-4": {
                    "PhpParser\\": "lib/PhpParser"
                }
            },
            "notification-url": "https://packagist.org/downloads/",
            "license": [
                "BSD-3-Clause"
            ],
            "authors": [
                {
                    "name": "Nikita Popov"
                }
            ],
            "description": "A PHP parser written in PHP",
            "keywords": [
                "parser",
                "php"
            ],
            "support": {
                "issues": "https://github.com/nikic/PHP-Parser/issues",
                "source": "https://github.com/nikic/PHP-Parser/tree/v4.15.1"
            },
            "time": "2022-09-04T07:30:47+00:00"
        },
        {
            "name": "psr/cache",
            "version": "3.0.0",
            "source": {
                "type": "git",
                "url": "https://github.com/php-fig/cache.git",
                "reference": "aa5030cfa5405eccfdcb1083ce040c2cb8d253bf"
            },
            "dist": {
                "type": "zip",
                "url": "https://api.github.com/repos/php-fig/cache/zipball/aa5030cfa5405eccfdcb1083ce040c2cb8d253bf",
                "reference": "aa5030cfa5405eccfdcb1083ce040c2cb8d253bf",
                "shasum": "",
                "mirrors": [
                    {
                        "url": "https://mirrors.aliyun.com/composer/dists/%package%/%reference%.%type%",
                        "preferred": true
                    }
                ]
            },
            "require": {
                "php": ">=8.0.0"
            },
            "type": "library",
            "extra": {
                "branch-alias": {
                    "dev-master": "1.0.x-dev"
                }
            },
            "autoload": {
                "psr-4": {
                    "Psr\\Cache\\": "src/"
                }
            },
            "notification-url": "https://packagist.org/downloads/",
            "license": [
                "MIT"
            ],
            "authors": [
                {
                    "name": "PHP-FIG",
                    "homepage": "https://www.php-fig.org/"
                }
            ],
            "description": "Common interface for caching libraries",
            "keywords": [
                "cache",
                "psr",
                "psr-6"
            ],
            "support": {
                "source": "https://github.com/php-fig/cache/tree/3.0.0"
            },
            "time": "2021-02-03T23:26:27+00:00"
        },
        {
            "name": "psr/container",
            "version": "2.0.2",
            "source": {
                "type": "git",
                "url": "https://github.com/php-fig/container.git",
                "reference": "c71ecc56dfe541dbd90c5360474fbc405f8d5963"
            },
            "dist": {
                "type": "zip",
                "url": "https://api.github.com/repos/php-fig/container/zipball/c71ecc56dfe541dbd90c5360474fbc405f8d5963",
                "reference": "c71ecc56dfe541dbd90c5360474fbc405f8d5963",
                "shasum": "",
                "mirrors": [
                    {
                        "url": "https://mirrors.aliyun.com/composer/dists/%package%/%reference%.%type%",
                        "preferred": true
                    }
                ]
            },
            "require": {
                "php": ">=7.4.0"
            },
            "type": "library",
            "extra": {
                "branch-alias": {
                    "dev-master": "2.0.x-dev"
                }
            },
            "autoload": {
                "psr-4": {
                    "Psr\\Container\\": "src/"
                }
            },
            "notification-url": "https://packagist.org/downloads/",
            "license": [
                "MIT"
            ],
            "authors": [
                {
                    "name": "PHP-FIG",
                    "homepage": "https://www.php-fig.org/"
                }
            ],
            "description": "Common Container Interface (PHP FIG PSR-11)",
            "homepage": "https://github.com/php-fig/container",
            "keywords": [
                "PSR-11",
                "container",
                "container-interface",
                "container-interop",
                "psr"
            ],
            "support": {
                "issues": "https://github.com/php-fig/container/issues",
                "source": "https://github.com/php-fig/container/tree/2.0.2"
            },
            "time": "2021-11-05T16:47:00+00:00"
        },
        {
            "name": "psr/log",
            "version": "3.0.0",
            "source": {
                "type": "git",
                "url": "https://github.com/php-fig/log.git",
                "reference": "fe5ea303b0887d5caefd3d431c3e61ad47037001"
            },
            "dist": {
                "type": "zip",
                "url": "https://api.github.com/repos/php-fig/log/zipball/fe5ea303b0887d5caefd3d431c3e61ad47037001",
                "reference": "fe5ea303b0887d5caefd3d431c3e61ad47037001",
                "shasum": "",
                "mirrors": [
                    {
                        "url": "https://mirrors.aliyun.com/composer/dists/%package%/%reference%.%type%",
                        "preferred": true
                    }
                ]
            },
            "require": {
                "php": ">=8.0.0"
            },
            "type": "library",
            "extra": {
                "branch-alias": {
                    "dev-master": "3.x-dev"
                }
            },
            "autoload": {
                "psr-4": {
                    "Psr\\Log\\": "src"
                }
            },
            "notification-url": "https://packagist.org/downloads/",
            "license": [
                "MIT"
            ],
            "authors": [
                {
                    "name": "PHP-FIG",
                    "homepage": "https://www.php-fig.org/"
                }
            ],
            "description": "Common interface for logging libraries",
            "homepage": "https://github.com/php-fig/log",
            "keywords": [
                "log",
                "psr",
                "psr-3"
            ],
            "support": {
                "source": "https://github.com/php-fig/log/tree/3.0.0"
            },
            "time": "2021-07-14T16:46:02+00:00"
        },
        {
            "name": "psr/simple-cache",
            "version": "3.0.0",
            "source": {
                "type": "git",
                "url": "https://github.com/php-fig/simple-cache.git",
                "reference": "764e0b3939f5ca87cb904f570ef9be2d78a07865"
            },
            "dist": {
                "type": "zip",
                "url": "https://api.github.com/repos/php-fig/simple-cache/zipball/764e0b3939f5ca87cb904f570ef9be2d78a07865",
                "reference": "764e0b3939f5ca87cb904f570ef9be2d78a07865",
                "shasum": "",
                "mirrors": [
                    {
                        "url": "https://mirrors.aliyun.com/composer/dists/%package%/%reference%.%type%",
                        "preferred": true
                    }
                ]
            },
            "require": {
                "php": ">=8.0.0"
            },
            "type": "library",
            "extra": {
                "branch-alias": {
                    "dev-master": "3.0.x-dev"
                }
            },
            "autoload": {
                "psr-4": {
                    "Psr\\SimpleCache\\": "src/"
                }
            },
            "notification-url": "https://packagist.org/downloads/",
            "license": [
                "MIT"
            ],
            "authors": [
                {
                    "name": "PHP-FIG",
                    "homepage": "https://www.php-fig.org/"
                }
            ],
            "description": "Common interfaces for simple caching",
            "keywords": [
                "cache",
                "caching",
                "psr",
                "psr-16",
                "simple-cache"
            ],
            "support": {
                "source": "https://github.com/php-fig/simple-cache/tree/3.0.0"
            },
            "time": "2021-10-29T13:26:27+00:00"
        },
        {
            "name": "spiral/attributes",
            "version": "2.14.1",
            "source": {
                "type": "git",
                "url": "https://github.com/spiral/attributes.git",
                "reference": "e5470703d6479935c54a78acd1687f9bd09f4c61"
            },
            "dist": {
                "type": "zip",
                "url": "https://api.github.com/repos/spiral/attributes/zipball/e5470703d6479935c54a78acd1687f9bd09f4c61",
                "reference": "e5470703d6479935c54a78acd1687f9bd09f4c61",
                "shasum": "",
                "mirrors": [
                    {
                        "url": "https://mirrors.aliyun.com/composer/dists/%package%/%reference%.%type%",
                        "preferred": true
                    }
                ]
            },
            "require": {
                "nikic/php-parser": "^4.1",
                "php": ">=7.4",
                "psr/cache": ">=1.0",
                "psr/simple-cache": "1 - 3"
            },
            "require-dev": {
                "doctrine/annotations": "^1.12",
                "jetbrains/phpstorm-attributes": "^1.0",
                "phpunit/phpunit": "^8.5|^9.5",
                "symfony/var-dumper": "^5.2|^6.0"
            },
            "suggest": {
                "doctrine/annotations": "^1.0 for Doctrine metadata driver support"
            },
            "type": "library",
            "extra": {
                "branch-alias": {
                    "dev-master": "2.15.x-dev"
                }
            },
            "autoload": {
                "files": [
                    "src/polyfill.php"
                ],
                "psr-4": {
                    "Spiral\\Attributes\\": "src"
                }
            },
            "notification-url": "https://packagist.org/downloads/",
            "license": [
                "MIT"
            ],
            "authors": [
                {
                    "name": "Kirill Nesmeyanov (SerafimArts)",
                    "email": "kirill.nesmeyanov@spiralscout.com"
                }
            ],
            "description": "PHP attributes reader",
            "homepage": "https://spiral.dev",
            "support": {
                "issues": "https://github.com/spiral/framework/issues",
                "source": "https://github.com/spiral/attributes"
            },
            "time": "2022-09-01T21:11:15+00:00"
        },
        {
            "name": "spiral/core",
            "version": "2.14.1",
            "source": {
                "type": "git",
                "url": "https://github.com/spiral/core.git",
                "reference": "bbc0a4a1d3c4f14d8d7354d94a05577e60129416"
            },
            "dist": {
                "type": "zip",
                "url": "https://api.github.com/repos/spiral/core/zipball/bbc0a4a1d3c4f14d8d7354d94a05577e60129416",
                "reference": "bbc0a4a1d3c4f14d8d7354d94a05577e60129416",
                "shasum": "",
                "mirrors": [
                    {
                        "url": "https://mirrors.aliyun.com/composer/dists/%package%/%reference%.%type%",
                        "preferred": true
                    }
                ]
            },
            "require": {
                "php": ">=7.4",
                "psr/container": "^1.1|^2.0"
            },
            "require-dev": {
                "mockery/mockery": "^1.5",
                "phpunit/phpunit": "^8.5|^9.5"
            },
            "type": "library",
            "extra": {
                "branch-alias": {
                    "dev-master": "2.15.x-dev"
                }
            },
            "autoload": {
                "psr-4": {
                    "Spiral\\Core\\": "src"
                }
            },
            "notification-url": "https://packagist.org/downloads/",
            "license": [
                "MIT"
            ],
            "authors": [
                {
                    "name": "Anton Titov (wolfy-j)",
                    "email": "wolfy-j@spiralscout.com"
                }
            ],
            "description": "IoC container, IoC scopes, factory, memory, configuration interfaces",
            "homepage": "https://spiral.dev",
            "support": {
                "issues": "https://github.com/spiral/framework/issues",
                "source": "https://github.com/spiral/core"
            },
            "time": "2022-09-01T21:11:51+00:00"
        },
        {
            "name": "spiral/logger",
            "version": "2.14.1",
            "source": {
                "type": "git",
                "url": "https://github.com/spiral/logger.git",
                "reference": "14ea05f8a24a5d4ecb3b8811e34948d3a735576e"
            },
            "dist": {
                "type": "zip",
                "url": "https://api.github.com/repos/spiral/logger/zipball/14ea05f8a24a5d4ecb3b8811e34948d3a735576e",
                "reference": "14ea05f8a24a5d4ecb3b8811e34948d3a735576e",
                "shasum": "",
                "mirrors": [
                    {
                        "url": "https://mirrors.aliyun.com/composer/dists/%package%/%reference%.%type%",
                        "preferred": true
                    }
                ]
            },
            "require": {
                "php": ">=7.4",
                "psr/log": "1 - 3",
                "spiral/core": "^2.14.1"
            },
            "require-dev": {
                "mockery/mockery": "^1.5",
                "phpunit/phpunit": "^8.5|^9.5"
            },
            "type": "library",
            "extra": {
                "branch-alias": {
                    "dev-master": "2.15.x-dev"
                }
            },
            "autoload": {
                "psr-4": {
                    "Spiral\\Logger\\": "src"
                }
            },
            "notification-url": "https://packagist.org/downloads/",
            "license": [
                "MIT"
            ],
            "authors": [
                {
                    "name": "Anton Titov (wolfy-j)",
                    "email": "wolfy-j@spiralscout.com"
                }
            ],
            "description": "LogFactory and global log listeners",
            "homepage": "https://spiral.dev",
            "support": {
                "issues": "https://github.com/spiral/framework/issues",
                "source": "https://github.com/spiral/logger"
            },
            "time": "2022-09-12T15:13:31+00:00"
        },
        {
            "name": "spiral/pagination",
            "version": "2.14.1",
            "source": {
                "type": "git",
                "url": "https://github.com/spiral/pagination.git",
                "reference": "bf4d8b1fbd21544eb9d511bbba57775de5ba3c5f"
            },
            "dist": {
                "type": "zip",
                "url": "https://api.github.com/repos/spiral/pagination/zipball/bf4d8b1fbd21544eb9d511bbba57775de5ba3c5f",
                "reference": "bf4d8b1fbd21544eb9d511bbba57775de5ba3c5f",
                "shasum": "",
                "mirrors": [
                    {
                        "url": "https://mirrors.aliyun.com/composer/dists/%package%/%reference%.%type%",
                        "preferred": true
                    }
                ]
            },
            "require": {
                "php": ">=7.4"
            },
            "require-dev": {
                "mockery/mockery": "^1.5",
                "phpunit/phpunit": "^8.5|^9.5"
            },
            "type": "library",
            "extra": {
                "branch-alias": {
                    "dev-master": "2.15.x-dev"
                }
            },
            "autoload": {
                "psr-4": {
                    "Spiral\\Pagination\\": "src"
                }
            },
            "notification-url": "https://packagist.org/downloads/",
            "license": [
                "MIT"
            ],
            "authors": [
                {
                    "name": "Anton Titov (wolfy-j)",
                    "email": "wolfy-j@spiralscout.com"
                }
            ],
            "description": "Common pagination interfaces",
            "homepage": "https://spiral.dev",
            "support": {
                "issues": "https://github.com/spiral/framework/issues",
                "source": "https://github.com/spiral/pagination"
            },
            "time": "2022-09-01T21:12:15+00:00"
        },
        {
            "name": "spiral/tokenizer",
            "version": "2.14.1",
            "source": {
                "type": "git",
                "url": "https://github.com/spiral/tokenizer.git",
                "reference": "45f704219f115fb2aa3b384aa83ed8ec34cff9ca"
            },
            "dist": {
                "type": "zip",
                "url": "https://api.github.com/repos/spiral/tokenizer/zipball/45f704219f115fb2aa3b384aa83ed8ec34cff9ca",
                "reference": "45f704219f115fb2aa3b384aa83ed8ec34cff9ca",
                "shasum": "",
                "mirrors": [
                    {
                        "url": "https://mirrors.aliyun.com/composer/dists/%package%/%reference%.%type%",
                        "preferred": true
                    }
                ]
            },
            "require": {
                "php": ">=7.4",
                "spiral/core": "^2.14.1",
                "spiral/logger": "^2.14.1",
                "symfony/finder": "^5.1|^6.0"
            },
            "require-dev": {
                "phpunit/phpunit": "^8.5|^9.5"
            },
            "type": "library",
            "extra": {
                "branch-alias": {
                    "dev-master": "2.15.x-dev"
                }
            },
            "autoload": {
                "psr-4": {
                    "Spiral\\Tokenizer\\": "src"
                }
            },
            "notification-url": "https://packagist.org/downloads/",
            "license": [
                "MIT"
            ],
            "authors": [
                {
                    "name": "Anton Titov (wolfy-j)",
                    "email": "wolfy-j@spiralscout.com"
                }
            ],
            "description": "Static Analysis: Class and Invocation locators",
            "homepage": "https://spiral.dev",
            "support": {
                "issues": "https://github.com/spiral/framework/issues",
                "source": "https://github.com/spiral/tokenizer"
            },
            "time": "2022-09-12T15:14:10+00:00"
        },
        {
            "name": "symfony/finder",
            "version": "v6.0.11",
            "source": {
                "type": "git",
                "url": "https://github.com/symfony/finder.git",
                "reference": "09cb683ba5720385ea6966e5e06be2a34f2568b1"
            },
            "dist": {
                "type": "zip",
                "url": "https://api.github.com/repos/symfony/finder/zipball/09cb683ba5720385ea6966e5e06be2a34f2568b1",
                "reference": "09cb683ba5720385ea6966e5e06be2a34f2568b1",
                "shasum": "",
                "mirrors": [
                    {
                        "url": "https://mirrors.aliyun.com/composer/dists/%package%/%reference%.%type%",
                        "preferred": true
                    }
                ]
            },
            "require": {
                "php": ">=8.0.2"
            },
            "type": "library",
            "autoload": {
                "psr-4": {
                    "Symfony\\Component\\Finder\\": ""
                },
                "exclude-from-classmap": [
                    "/Tests/"
                ]
            },
            "notification-url": "https://packagist.org/downloads/",
            "license": [
                "MIT"
            ],
            "authors": [
                {
                    "name": "Fabien Potencier",
                    "email": "fabien@symfony.com"
                },
                {
                    "name": "Symfony Community",
                    "homepage": "https://symfony.com/contributors"
                }
            ],
            "description": "Finds files and directories via an intuitive fluent interface",
            "homepage": "https://symfony.com",
            "support": {
                "source": "https://github.com/symfony/finder/tree/v6.0.11"
            },
            "funding": [
                {
                    "url": "https://symfony.com/sponsor",
                    "type": "custom"
                },
                {
                    "url": "https://github.com/fabpot",
                    "type": "github"
                },
                {
                    "url": "https://tidelift.com/funding/github/packagist/symfony/symfony",
                    "type": "tidelift"
                }
            ],
            "time": "2022-07-29T07:39:48+00:00"
        },
        {
            "name": "xiaolingzi/lingorm",
            "version": "v2.0.4",
            "source": {
                "type": "git",
                "url": "https://github.com/xiaolingzi/lingorm-php.git",
                "reference": "9d96052378fdf94e83363e4385ea932dde5a4722"
            },
            "dist": {
                "type": "zip",
                "url": "https://api.github.com/repos/xiaolingzi/lingorm-php/zipball/9d96052378fdf94e83363e4385ea932dde5a4722",
                "reference": "9d96052378fdf94e83363e4385ea932dde5a4722",
                "shasum": "",
                "mirrors": [
                    {
                        "url": "https://mirrors.aliyun.com/composer/dists/%package%/%reference%.%type%",
                        "preferred": true
                    }
                ]
            },
            "require": {
                "php": ">=5.6"
            },
            "type": "library",
            "autoload": {
                "psr-4": {
                    "LingORM\\": ""
                }
            },
            "notification-url": "https://packagist.org/downloads/",
            "license": [
                "MIT"
            ],
            "authors": [
                {
                    "name": "xiaolingzi",
                    "email": "xlne@foxmail.com"
                }
            ],
            "description": "orm for php",
            "support": {
                "issues": "https://github.com/xiaolingzi/lingorm-php/issues",
                "source": "https://github.com/xiaolingzi/lingorm-php/tree/v2.0.4"
            },
            "time": "2020-09-19T03:59:18+00:00"
        },
        {
            "name": "yiisoft/friendly-exception",
            "version": "1.1.0",
            "source": {
                "type": "git",
                "url": "https://github.com/yiisoft/friendly-exception.git",
                "reference": "4b4a19edff251791e3c92d4d83435d2716351ff4"
            },
            "dist": {
                "type": "zip",
                "url": "https://api.github.com/repos/yiisoft/friendly-exception/zipball/4b4a19edff251791e3c92d4d83435d2716351ff4",
                "reference": "4b4a19edff251791e3c92d4d83435d2716351ff4",
                "shasum": "",
                "mirrors": [
                    {
                        "url": "https://mirrors.aliyun.com/composer/dists/%package%/%reference%.%type%",
                        "preferred": true
                    }
                ]
            },
            "require": {
                "php": "^7.1|^8.0"
            },
            "require-dev": {
                "phpunit/phpunit": "^9.4",
                "roave/infection-static-analysis-plugin": "^1.5",
                "spatie/phpunit-watcher": "^1.23",
                "vimeo/psalm": "^4.3"
            },
            "type": "library",
            "autoload": {
                "psr-4": {
                    "Yiisoft\\FriendlyException\\": "src"
                }
            },
            "notification-url": "https://packagist.org/downloads/",
            "license": [
                "BSD-3-Clause"
            ],
            "description": "An interface for friendlier exception",
            "homepage": "http://www.yiiframework.com/",
            "keywords": [
                "error handling",
                "exception",
                "exceptions",
                "friendly"
            ],
            "support": {
                "forum": "http://www.yiiframework.com/forum/",
                "irc": "irc://irc.freenode.net/yii",
                "issues": "https://github.com/yiisoft/friendly-exception/issues?state=open",
                "source": "https://github.com/yiisoft/friendly-exception",
                "wiki": "http://www.yiiframework.com/wiki/"
            },
            "funding": [
                {
                    "url": "https://github.com/yiisoft",
                    "type": "github"
                },
                {
                    "url": "https://opencollective.com/yiisoft",
                    "type": "open_collective"
                }
            ],
            "time": "2021-10-26T21:43:25+00:00"
        }
    ],
    "packages-dev": [],
    "aliases": [],
    "minimum-stability": "stable",
    "stability-flags": [],
    "prefer-stable": false,
    "prefer-lowest": false,
    "platform": [],
    "platform-dev": [],
    "plugin-api-version": "2.3.0"
}
